Microsoft Visual Studio Solution File, Format Version 12.00
# Visual Studio Version 17
VisualStudioVersion = 17.5.2.0
MinimumVisualStudioVersion = 10.0.40219.1
Project("{FAE04EC0-301F-11D3-BF4B-00C04F79EFBC}") = "labirinthAutoTesting", "labirinthAutoTesting.csproj", "{19D5627D-C08D-D107-33B0-73EF86CB2AC1}"
EndProject
Global
	GlobalSection(SolutionConfigurationPlatforms) = preSolution
		Debug|Any CPU = Debug|Any CPU
		Release|Any CPU = Release|Any CPU
	EndGlobalSection
	GlobalSection(ProjectConfigurationPlatforms) = postSolution
		{19D5627D-C08D-D107-33B0-73EF86CB2AC1}.Debug|Any CPU.ActiveCfg = Debug|Any CPU
		{19D5627D-C08D-D107-33B0-73EF86CB2AC1}.Debug|Any CPU.Build.0 = Debug|Any CPU
		{19D5627D-C08D-D107-33B0-73EF86CB2AC1}.Release|Any CPU.ActiveCfg = Release|Any CPU
		{19D5627D-C08D-D107-33B0-73EF86CB2AC1}.Release|Any CPU.Build.0 = Release|Any CPU
	EndGlobalSection
	GlobalSection(SolutionProperties) = preSolution
		HideSolutionNode = FALSE
	EndGlobalSection
	GlobalSection(ExtensibilityGlobals) = postSolution
		SolutionGuid = {9C6DC094-B991-4B65-9310-F013D22D7D9C}
	EndGlobalSection
EndGlobal
